<?xml version="1.0" encoding="utf-8"?>
<Project ToolsVersion="4.0" xmlns="http://schemas.microsoft.com/developer/msbuild/2003">
  <ItemGroup>
    <Filter Include="源文件">
      <UniqueIdentifier>{4FC737F1-C7A5-4376-A066-2A32D752A2FF}</UniqueIdentifier>
      <Extensions>cpp;c;cc;cxx;def;odl;idl;hpj;bat;asm;asmx</Extensions>
    </Filter>
    <Filter Include="头文件">
      <UniqueIdentifier>{93995380-89BD-4b04-88EB-625FBE52EBFB}</UniqueIdentifier>
      <Extensions>h;hh;hpp;hxx;hm;inl;inc;ipp;xsd</Extensions>
    </Filter>
    <Filter Include="资源文件">
      <UniqueIdentifier>{67DA6AB6-F800-4c08-8B7A-83BB121AAD01}</UniqueIdentifier>
      <Extensions>rc;ico;cur;bmp;dlg;rc2;rct;bin;rgs;gif;jpg;jpeg;jpe;resx;tiff;tif;png;wav;mfcribbon-ms</Extensions>
    </Filter>
    <Filter Include="源文件\NewFilter1">
      <UniqueIdentifier>{bac79e27-a197-4e19-be46-fe714db4ff94}</UniqueIdentifier>
    </Filter>
    <Filter Include="源文件\NewFilter1\4.4.4">
      <UniqueIdentifier>{1114a647-e852-4bee-99f0-0a5c74be3287}</UniqueIdentifier>
    </Filter>
    <Filter Include="源文件\NewFilter1\4.4.5">
      <UniqueIdentifier>{424f384a-7de9-4006-9f66-229f293cfdd7}</UniqueIdentifier>
    </Filter>
  </ItemGroup>
  <ItemGroup>
    <ClCompile Include="4.c">
      <Filter>源文件\NewFilter1\4.4.4</Filter>
    </ClCompile>
    <ClCompile Include="5.c">
      <Filter>源文件\NewFilter1\4.4.4</Filter>
    </ClCompile>
    <ClCompile Include="6.c">
      <Filter>源文件\NewFilter1\4.4.4</Filter>
    </ClCompile>
    <ClCompile Include="7.c">
      <Filter>源文件\NewFilter1\4.4.4</Filter>
    </ClCompile>
    <ClCompile Include="8.c">
      <Filter>源文件\NewFilter1\4.4.4</Filter>
    </ClCompile>
    <ClCompile Include="9.c">
      <Filter>源文件\NewFilter1\4.4.4</Filter>
    </ClCompile>
    <ClCompile Include="10.c">
      <Filter>源文件\NewFilter1\4.4.4</Filter>
    </ClCompile>
    <ClCompile Include="11.c">
      <Filter>源文件\NewFilter1\4.4.4</Filter>
    </ClCompile>
    <ClCompile Include="12.c">
      <Filter>源文件\NewFilter1\4.4.4</Filter>
    </ClCompile>
    <ClCompile Include="13.c">
      <Filter>源文件\NewFilter1\4.4.4</Filter>
    </ClCompile>
    <ClCompile Include="14floatcnv.c">
      <Filter>源文件\NewFilter1\4.4.4</Filter>
    </ClCompile>
    <ClCompile Include="15prntval.c">
      <Filter>源文件\NewFilter1\4.4.4</Filter>
    </ClCompile>
    <ClCompile Include="16longstrg.c">
      <Filter>源文件\NewFilter1\4.4.4</Filter>
    </ClCompile>
    <ClCompile Include="three.c">
      <Filter>源文件\NewFilter1\4.4.4</Filter>
    </ClCompile>
    <ClCompile Include="two.c">
      <Filter>源文件\NewFilter1\4.4.4</Filter>
    </ClCompile>
  </ItemGroup>
</Project>